
Microsoft Visual Studio Solution File, Format Version 12.00
# Visual Studio Version 16
VisualStudioVersion = 16.0.33801.447
MinimumVisualStudioVersion = 10.0.40219.1
Project("{FAE04EC0-301F-11D3-BF4B-00C04F79EFBC}") = "Snakes Game", "Snakes Game\Snakes Game.csproj", "{06AA3D9C-2BFC-456D-82F0-1C4EED0CB2B5}"
EndProject
Global
	GlobalSection(SolutionConfigurationPlatforms) = preSolution
		Debug|Any CPU = Debug|Any CPU
		Release|Any CPU = Release|Any CPU
	EndGlobalSection
	GlobalSection(ProjectConfigurationPlatforms) = postSolution
		{06AA3D9C-2BFC-456D-82F0-1C4EED0CB2B5}.Debug|Any CPU.ActiveCfg = Debug|Any CPU
		{06AA3D9C-2BFC-456D-82F0-1C4EED0CB2B5}.Debug|Any CPU.Build.0 = Debug|Any CPU
		{06AA3D9C-2BFC-456D-82F0-1C4EED0CB2B5}.Release|Any CPU.ActiveCfg = Release|Any CPU
		{06AA3D9C-2BFC-456D-82F0-1C4EED0CB2B5}.Release|Any CPU.Build.0 = Release|Any CPU
	EndGlobalSection
	GlobalSection(SolutionProperties) = preSolution
		HideSolutionNode = FALSE
	EndGlobalSection
	GlobalSection(ExtensibilityGlobals) = postSolution
		SolutionGuid = {E21B8F0C-91C6-4D4A-8292-40B128A8C85C}
	EndGlobalSection
EndGlobal
